
Microsoft Visual Studio Solution File, Format Version 12.00
# Visual Studio Version 16
VisualStudioVersion = 16.0.29926.136
MinimumVisualStudioVersion = 10.0.40219.1
Project("{FAE04EC0-301F-11D3-BF4B-00C04F79EFBC}") = "GrpcService", "GrpcService\GrpcService.csproj", "{A80E6A9F-BBBA-420D-AC17-9FE7AA440053}"
EndProject
Project("{FAE04EC0-301F-11D3-BF4B-00C04F79EFBC}") = "GrpcClient", "GrpcClient\GrpcClient.csproj", "{D7CC83EA-6CF0-40DD-9B5A-C6F7915F766D}"
EndProject
Project("{FAE04EC0-301F-11D3-BF4B-00C04F79EFBC}") = "Common", "Common\Common.csproj", "{653AA38F-6A5B-4DCB-A943-6350A1AD1D73}"
EndProject
Global
	GlobalSection(SolutionConfigurationPlatforms) = preSolution
		Debug|Any CPU = Debug|Any CPU
		Release|Any CPU = Release|Any CPU
	EndGlobalSection
	GlobalSection(ProjectConfigurationPlatforms) = postSolution
		{A80E6A9F-BBBA-420D-AC17-9FE7AA440053}.Debug|Any CPU.ActiveCfg = Debug|Any CPU
		{A80E6A9F-BBBA-420D-AC17-9FE7AA440053}.Debug|Any CPU.Build.0 = Debug|Any CPU
		{A80E6A9F-BBBA-420D-AC17-9FE7AA440053}.Release|Any CPU.ActiveCfg = Release|Any CPU
		{A80E6A9F-BBBA-420D-AC17-9FE7AA440053}.Release|Any CPU.Build.0 = Release|Any CPU
		{D7CC83EA-6CF0-40DD-9B5A-C6F7915F766D}.Debug|Any CPU.ActiveCfg = Debug|Any CPU
		{D7CC83EA-6CF0-40DD-9B5A-C6F7915F766D}.Debug|Any CPU.Build.0 = Debug|Any CPU
		{D7CC83EA-6CF0-40DD-9B5A-C6F7915F766D}.Release|Any CPU.ActiveCfg = Release|Any CPU
		{D7CC83EA-6CF0-40DD-9B5A-C6F7915F766D}.Release|Any CPU.Build.0 = Release|Any CPU
		{653AA38F-6A5B-4DCB-A943-6350A1AD1D73}.Debug|Any CPU.ActiveCfg = Debug|Any CPU
		{653AA38F-6A5B-4DCB-A943-6350A1AD1D73}.Debug|Any CPU.Build.0 = Debug|Any CPU
		{653AA38F-6A5B-4DCB-A943-6350A1AD1D73}.Release|Any CPU.ActiveCfg = Release|Any CPU
		{653AA38F-6A5B-4DCB-A943-6350A1AD1D73}.Release|Any CPU.Build.0 = Release|Any CPU
	EndGlobalSection
	GlobalSection(SolutionProperties) = preSolution
		HideSolutionNode = FALSE
	EndGlobalSection
	GlobalSection(ExtensibilityGlobals) = postSolution
		SolutionGuid = {51CDC7CD-8099-4503-8967-A5D26B331BBE}
	EndGlobalSection
EndGlobal
